
Microsoft Visual Studio Solution File, Format Version 12.00
# Visual Studio Version 17
VisualStudioVersion = 17.8.34330.188
MinimumVisualStudioVersion = 10.0.40219.1
Project("{FAE04EC0-301F-11D3-BF4B-00C04F79EFBC}") = "ChatGPT Discord Bot", "ChatGPT Discord Bot.csproj", "{F6D5AFAE-C519-41DA-8783-D6F2BF1A8E4A}"
EndProject
Global
	GlobalSection(SolutionConfigurationPlatforms) = preSolution
		Debug|Any CPU = Debug|Any CPU
		Release|Any CPU = Release|Any CPU
	EndGlobalSection
	GlobalSection(ProjectConfigurationPlatforms) = postSolution
		{F6D5AFAE-C519-41DA-8783-D6F2BF1A8E4A}.Debug|Any CPU.ActiveCfg = Debug|Any CPU
		{F6D5AFAE-C519-41DA-8783-D6F2BF1A8E4A}.Debug|Any CPU.Build.0 = Debug|Any CPU
		{F6D5AFAE-C519-41DA-8783-D6F2BF1A8E4A}.Release|Any CPU.ActiveCfg = Release|Any CPU
		{F6D5AFAE-C519-41DA-8783-D6F2BF1A8E4A}.Release|Any CPU.Build.0 = Release|Any CPU
	EndGlobalSection
	GlobalSection(SolutionProperties) = preSolution
		HideSolutionNode = FALSE
	EndGlobalSection
	GlobalSection(ExtensibilityGlobals) = postSolution
		SolutionGuid = {8C6DDA96-228E-4447-974E-C34C4E4BD160}
	EndGlobalSection
EndGlobal
